
Microsoft Visual Studio Solution File, Format Version 12.00
# Visual Studio 15
VisualStudioVersion = 15.0.26124.0
MinimumVisualStudioVersion = 15.0.26124.0
Project("{2150E333-8FDC-42A3-9474-1A3956D46DE8}") = "src", "src", "{65D3BC5A-CB49-4FC7-9C49-DCC9E7DEBFCB}"
EndProject
Project("{FAE04EC0-301F-11D3-BF4B-00C04F79EFBC}") = "Domain", "src\Domain\Domain.csproj", "{BC97ADAF-CB70-45B0-AF7C-AE4A49A157B6}"
EndProject
Project("{FAE04EC0-301F-11D3-BF4B-00C04F79EFBC}") = "ConsoleClient", "src\ConsoleClient\ConsoleClient.csproj", "{A80220B2-D0F8-48D4-AFBD-CB2ED30FF7A1}"
EndProject
Project("{FAE04EC0-301F-11D3-BF4B-00C04F79EFBC}") = "API", "src\API\API.csproj", "{8343DEFB-28BA-42FD-B534-4E1869D374D6}"
EndProject
Project("{2150E333-8FDC-42A3-9474-1A3956D46DE8}") = "tests", "tests", "{EB863538-F239-4D7D-BB7B-7FD2BEB4971D}"
EndProject
Project("{FAE04EC0-301F-11D3-BF4B-00C04F79EFBC}") = "DomainTests", "tests\DomainTests\DomainTests.csproj", "{A0F169C2-600F-4A82-9CA4-18D1D7565074}"
EndProject
Project("{FAE04EC0-301F-11D3-BF4B-00C04F79EFBC}") = "Application", "src\Application\Application.csproj", "{ECD6AE12-82E4-44C8-84C2-ECF362221CED}"
EndProject
Project("{FAE04EC0-301F-11D3-BF4B-00C04F79EFBC}") = "Persistence", "src\Persistence\Persistence.csproj", "{E6EF9B44-A43B-4732-A0DB-443B71F9982C}"
EndProject
Project("{FAE04EC0-301F-11D3-BF4B-00C04F79EFBC}") = "ApplicationTests", "tests\ApplicationTests\ApplicationTests.csproj", "{8281D34B-6A14-4632-A133-FE3B1EA60944}"
EndProject
Global
	GlobalSection(SolutionConfigurationPlatforms) = preSolution
		Debug|Any CPU = Debug|Any CPU
		Debug|x64 = Debug|x64
		Debug|x86 = Debug|x86
		Release|Any CPU = Release|Any CPU
		Release|x64 = Release|x64
		Release|x86 = Release|x86
	EndGlobalSection
	GlobalSection(SolutionProperties) = preSolution
		HideSolutionNode = FALSE
	EndGlobalSection
	GlobalSection(ProjectConfigurationPlatforms) = postSolution
		{BC97ADAF-CB70-45B0-AF7C-AE4A49A157B6}.Debug|Any CPU.ActiveCfg = Debug|Any CPU
		{BC97ADAF-CB70-45B0-AF7C-AE4A49A157B6}.Debug|Any CPU.Build.0 = Debug|Any CPU
		{BC97ADAF-CB70-45B0-AF7C-AE4A49A157B6}.Debug|x64.ActiveCfg = Debug|Any CPU
		{BC97ADAF-CB70-45B0-AF7C-AE4A49A157B6}.Debug|x64.Build.0 = Debug|Any CPU
		{BC97ADAF-CB70-45B0-AF7C-AE4A49A157B6}.Debug|x86.ActiveCfg = Debug|Any CPU
		{BC97ADAF-CB70-45B0-AF7C-AE4A49A157B6}.Debug|x86.Build.0 = Debug|Any CPU
		{BC97ADAF-CB70-45B0-AF7C-AE4A49A157B6}.Release|Any CPU.ActiveCfg = Release|Any CPU
		{BC97ADAF-CB70-45B0-AF7C-AE4A49A157B6}.Release|Any CPU.Build.0 = Release|Any CPU
		{BC97ADAF-CB70-45B0-AF7C-AE4A49A157B6}.Release|x64.ActiveCfg = Release|Any CPU
		{BC97ADAF-CB70-45B0-AF7C-AE4A49A157B6}.Release|x64.Build.0 = Release|Any CPU
		{BC97ADAF-CB70-45B0-AF7C-AE4A49A157B6}.Release|x86.ActiveCfg = Release|Any CPU
		{BC97ADAF-CB70-45B0-AF7C-AE4A49A157B6}.Release|x86.Build.0 = Release|Any CPU
		{A80220B2-D0F8-48D4-AFBD-CB2ED30FF7A1}.Debug|Any CPU.ActiveCfg = Debug|Any CPU
		{A80220B2-D0F8-48D4-AFBD-CB2ED30FF7A1}.Debug|Any CPU.Build.0 = Debug|Any CPU
		{A80220B2-D0F8-48D4-AFBD-CB2ED30FF7A1}.Debug|x64.ActiveCfg = Debug|Any CPU
		{A80220B2-D0F8-48D4-AFBD-CB2ED30FF7A1}.Debug|x64.Build.0 = Debug|Any CPU
		{A80220B2-D0F8-48D4-AFBD-CB2ED30FF7A1}.Debug|x86.ActiveCfg = Debug|Any CPU
		{A80220B2-D0F8-48D4-AFBD-CB2ED30FF7A1}.Debug|x86.Build.0 = Debug|Any CPU
		{A80220B2-D0F8-48D4-AFBD-CB2ED30FF7A1}.Release|Any CPU.ActiveCfg = Release|Any CPU
		{A80220B2-D0F8-48D4-AFBD-CB2ED30FF7A1}.Release|Any CPU.Build.0 = Release|Any CPU
		{A80220B2-D0F8-48D4-AFBD-CB2ED30FF7A1}.Release|x64.ActiveCfg = Release|Any CPU
		{A80220B2-D0F8-48D4-AFBD-CB2ED30FF7A1}.Release|x64.Build.0 = Release|Any CPU
		{A80220B2-D0F8-48D4-AFBD-CB2ED30FF7A1}.Release|x86.ActiveCfg = Release|Any CPU
		{A80220B2-D0F8-48D4-AFBD-CB2ED30FF7A1}.Release|x86.Build.0 = Release|Any CPU
		{8343DEFB-28BA-42FD-B534-4E1869D374D6}.Debug|Any CPU.ActiveCfg = Debug|Any CPU
		{8343DEFB-28BA-42FD-B534-4E1869D374D6}.Debug|Any CPU.Build.0 = Debug|Any CPU
		{8343DEFB-28BA-42FD-B534-4E1869D374D6}.Debug|x64.ActiveCfg = Debug|Any CPU
		{8343DEFB-28BA-42FD-B534-4E1869D374D6}.Debug|x64.Build.0 = Debug|Any CPU
		{8343DEFB-28BA-42FD-B534-4E1869D374D6}.Debug|x86.ActiveCfg = Debug|Any CPU
		{8343DEFB-28BA-42FD-B534-4E1869D374D6}.Debug|x86.Build.0 = Debug|Any CPU
		{8343DEFB-28BA-42FD-B534-4E1869D374D6}.Release|Any CPU.ActiveCfg = Release|Any CPU
		{8343DEFB-28BA-42FD-B534-4E1869D374D6}.Release|Any CPU.Build.0 = Release|Any CPU
		{8343DEFB-28BA-42FD-B534-4E1869D374D6}.Release|x64.ActiveCfg = Release|Any CPU
		{8343DEFB-28BA-42FD-B534-4E1869D374D6}.Release|x64.Build.0 = Release|Any CPU
		{8343DEFB-28BA-42FD-B534-4E1869D374D6}.Release|x86.ActiveCfg = Release|Any CPU
		{8343DEFB-28BA-42FD-B534-4E1869D374D6}.Release|x86.Build.0 = Release|Any CPU
		{A0F169C2-600F-4A82-9CA4-18D1D7565074}.Debug|Any CPU.ActiveCfg = Debug|Any CPU
		{A0F169C2-600F-4A82-9CA4-18D1D7565074}.Debug|Any CPU.Build.0 = Debug|Any CPU
		{A0F169C2-600F-4A82-9CA4-18D1D7565074}.Debug|x64.ActiveCfg = Debug|Any CPU
		{A0F169C2-600F-4A82-9CA4-18D1D7565074}.Debug|x64.Build.0 = Debug|Any CPU
		{A0F169C2-600F-4A82-9CA4-18D1D7565074}.Debug|x86.ActiveCfg = Debug|Any CPU
		{A0F169C2-600F-4A82-9CA4-18D1D7565074}.Debug|x86.Build.0 = Debug|Any CPU
		{A0F169C2-600F-4A82-9CA4-18D1D7565074}.Release|Any CPU.ActiveCfg = Release|Any CPU
		{A0F169C2-600F-4A82-9CA4-18D1D7565074}.Release|Any CPU.Build.0 = Release|Any CPU
		{A0F169C2-600F-4A82-9CA4-18D1D7565074}.Release|x64.ActiveCfg = Release|Any CPU
		{A0F169C2-600F-4A82-9CA4-18D1D7565074}.Release|x64.Build.0 = Release|Any CPU
		{A0F169C2-600F-4A82-9CA4-18D1D7565074}.Release|x86.ActiveCfg = Release|Any CPU
		{A0F169C2-600F-4A82-9CA4-18D1D7565074}.Release|x86.Build.0 = Release|Any CPU
		{ECD6AE12-82E4-44C8-84C2-ECF362221CED}.Debug|Any CPU.ActiveCfg = Debug|Any CPU
		{ECD6AE12-82E4-44C8-84C2-ECF362221CED}.Debug|Any CPU.Build.0 = Debug|Any CPU
		{ECD6AE12-82E4-44C8-84C2-ECF362221CED}.Debug|x64.ActiveCfg = Debug|Any CPU
		{ECD6AE12-82E4-44C8-84C2-ECF362221CED}.Debug|x64.Build.0 = Debug|Any CPU
		{ECD6AE12-82E4-44C8-84C2-ECF362221CED}.Debug|x86.ActiveCfg = Debug|Any CPU
		{ECD6AE12-82E4-44C8-84C2-ECF362221CED}.Debug|x86.Build.0 = Debug|Any CPU
		{ECD6AE12-82E4-44C8-84C2-ECF362221CED}.Release|Any CPU.ActiveCfg = Release|Any CPU
		{ECD6AE12-82E4-44C8-84C2-ECF362221CED}.Release|Any CPU.Build.0 = Release|Any CPU
		{ECD6AE12-82E4-44C8-84C2-ECF362221CED}.Release|x64.ActiveCfg = Release|Any CPU
		{ECD6AE12-82E4-44C8-84C2-ECF362221CED}.Release|x64.Build.0 = Release|Any CPU
		{ECD6AE12-82E4-44C8-84C2-ECF362221CED}.Release|x86.ActiveCfg = Release|Any CPU
		{ECD6AE12-82E4-44C8-84C2-ECF362221CED}.Release|x86.Build.0 = Release|Any CPU
		{E6EF9B44-A43B-4732-A0DB-443B71F9982C}.Debug|Any CPU.ActiveCfg = Debug|Any CPU
		{E6EF9B44-A43B-4732-A0DB-443B71F9982C}.Debug|Any CPU.Build.0 = Debug|Any CPU
		{E6EF9B44-A43B-4732-A0DB-443B71F9982C}.Debug|x64.ActiveCfg = Debug|Any CPU
		{E6EF9B44-A43B-4732-A0DB-443B71F9982C}.Debug|x64.Build.0 = Debug|Any CPU
		{E6EF9B44-A43B-4732-A0DB-443B71F9982C}.Debug|x86.ActiveCfg = Debug|Any CPU
		{E6EF9B44-A43B-4732-A0DB-443B71F9982C}.Debug|x86.Build.0 = Debug|Any CPU
		{E6EF9B44-A43B-4732-A0DB-443B71F9982C}.Release|Any CPU.ActiveCfg = Release|Any CPU
		{E6EF9B44-A43B-4732-A0DB-443B71F9982C}.Release|Any CPU.Build.0 = Release|Any CPU
		{E6EF9B44-A43B-4732-A0DB-443B71F9982C}.Release|x64.ActiveCfg = Release|Any CPU
		{E6EF9B44-A43B-4732-A0DB-443B71F9982C}.Release|x64.Build.0 = Release|Any CPU
		{E6EF9B44-A43B-4732-A0DB-443B71F9982C}.Release|x86.ActiveCfg = Release|Any CPU
		{E6EF9B44-A43B-4732-A0DB-443B71F9982C}.Release|x86.Build.0 = Release|Any CPU
		{8281D34B-6A14-4632-A133-FE3B1EA60944}.Debug|Any CPU.ActiveCfg = Debug|Any CPU
		{8281D34B-6A14-4632-A133-FE3B1EA60944}.Debug|Any CPU.Build.0 = Debug|Any CPU
		{8281D34B-6A14-4632-A133-FE3B1EA60944}.Debug|x64.ActiveCfg = Debug|Any CPU
		{8281D34B-6A14-4632-A133-FE3B1EA60944}.Debug|x64.Build.0 = Debug|Any CPU
		{8281D34B-6A14-4632-A133-FE3B1EA60944}.Debug|x86.ActiveCfg = Debug|Any CPU
		{8281D34B-6A14-4632-A133-FE3B1EA60944}.Debug|x86.Build.0 = Debug|Any CPU
		{8281D34B-6A14-4632-A133-FE3B1EA60944}.Release|Any CPU.ActiveCfg = Release|Any CPU
		{8281D34B-6A14-4632-A133-FE3B1EA60944}.Release|Any CPU.Build.0 = Release|Any CPU
		{8281D34B-6A14-4632-A133-FE3B1EA60944}.Release|x64.ActiveCfg = Release|Any CPU
		{8281D34B-6A14-4632-A133-FE3B1EA60944}.Release|x64.Build.0 = Release|Any CPU
		{8281D34B-6A14-4632-A133-FE3B1EA60944}.Release|x86.ActiveCfg = Release|Any CPU
		{8281D34B-6A14-4632-A133-FE3B1EA60944}.Release|x86.Build.0 = Release|Any CPU
	EndGlobalSection
	GlobalSection(NestedProjects) = preSolution
		{BC97ADAF-CB70-45B0-AF7C-AE4A49A157B6} = {65D3BC5A-CB49-4FC7-9C49-DCC9E7DEBFCB}
		{A80220B2-D0F8-48D4-AFBD-CB2ED30FF7A1} = {65D3BC5A-CB49-4FC7-9C49-DCC9E7DEBFCB}
		{8343DEFB-28BA-42FD-B534-4E1869D374D6} = {65D3BC5A-CB49-4FC7-9C49-DCC9E7DEBFCB}
		{A0F169C2-600F-4A82-9CA4-18D1D7565074} = {EB863538-F239-4D7D-BB7B-7FD2BEB4971D}
		{ECD6AE12-82E4-44C8-84C2-ECF362221CED} = {65D3BC5A-CB49-4FC7-9C49-DCC9E7DEBFCB}
		{E6EF9B44-A43B-4732-A0DB-443B71F9982C} = {65D3BC5A-CB49-4FC7-9C49-DCC9E7DEBFCB}
		{8281D34B-6A14-4632-A133-FE3B1EA60944} = {EB863538-F239-4D7D-BB7B-7FD2BEB4971D}
	EndGlobalSection
EndGlobal
